
Microsoft Visual Studio Solution File, Format Version 12.00
# Visual Studio 15
Project("{FAE04EC0-301F-11D3-BF4B-00C04F79EFBC}") = "QF.Action", "QF.Action.csproj", "{E49CBE96-45E0-7B42-01A1-D687CAE24CED}"
EndProject
Project("{FAE04EC0-301F-11D3-BF4B-00C04F79EFBC}") = "Assembly-CSharp", "Assembly-CSharp.csproj", "{D34B38C6-23CF-B45B-0DF2-9B1F683F31DB}"
EndProject
Project("{FAE04EC0-301F-11D3-BF4B-00C04F79EFBC}") = "UniRx", "UniRx.csproj", "{AE3B5E9B-6DB5-B90B-73F0-BD097FE57879}"
EndProject
Project("{FAE04EC0-301F-11D3-BF4B-00C04F79EFBC}") = "QF.Redux", "QF.Redux.csproj", "{71F9C117-DB5C-360C-6A16-48AF1EFD2455}"
EndProject
Project("{FAE04EC0-301F-11D3-BF4B-00C04F79EFBC}") = "QF.Pool", "QF.Pool.csproj", "{9CAA063B-9D0A-8E50-5C20-A732CBFC694A}"
EndProject
Project("{FAE04EC0-301F-11D3-BF4B-00C04F79EFBC}") = "QF.IOC", "QF.IOC.csproj", "{7ECDE41B-EC82-EDD1-D252-CCF0C6152B12}"
EndProject
Project("{FAE04EC0-301F-11D3-BF4B-00C04F79EFBC}") = "HTTP", "HTTP.csproj", "{F01145E1-0003-C775-B18B-E0944371D3EF}"
EndProject
Project("{FAE04EC0-301F-11D3-BF4B-00C04F79EFBC}") = "QF.SimpleHelper", "QF.SimpleHelper.csproj", "{650CD7B4-BD70-4976-1ED3-2904B7AF52F8}"
EndProject
Project("{FAE04EC0-301F-11D3-BF4B-00C04F79EFBC}") = "QF.Singleton", "QF.Singleton.csproj", "{991D4C99-80A1-538A-EA79-F6301AA110CF}"
EndProject
Project("{FAE04EC0-301F-11D3-BF4B-00C04F79EFBC}") = "QF.Extensions", "QF.Extensions.csproj", "{53AD31DE-EC49-9592-6102-643A6901B933}"
EndProject
Project("{FAE04EC0-301F-11D3-BF4B-00C04F79EFBC}") = "QF.DVA", "QF.DVA.csproj", "{C7ECEDE0-5611-45D2-03C9-76C867471DDD}"
EndProject
Project("{FAE04EC0-301F-11D3-BF4B-00C04F79EFBC}") = "Assembly-CSharp-Editor", "Assembly-CSharp-Editor.csproj", "{4F389199-0399-B11C-B10A-CE424DE921F6}"
EndProject
Global
	GlobalSection(SolutionConfigurationPlatforms) = preSolution
		Debug|Any CPU = Debug|Any CPU
		Release|Any CPU = Release|Any CPU
	EndGlobalSection
	GlobalSection(ProjectConfigurationPlatforms) = postSolution
		{E49CBE96-45E0-7B42-01A1-D687CAE24CED}.Debug|Any CPU.ActiveCfg = Debug|Any CPU
		{E49CBE96-45E0-7B42-01A1-D687CAE24CED}.Debug|Any CPU.Build.0 = Debug|Any CPU
		{E49CBE96-45E0-7B42-01A1-D687CAE24CED}.Release|Any CPU.ActiveCfg = Release|Any CPU
		{E49CBE96-45E0-7B42-01A1-D687CAE24CED}.Release|Any CPU.Build.0 = Release|Any CPU
		{D34B38C6-23CF-B45B-0DF2-9B1F683F31DB}.Debug|Any CPU.ActiveCfg = Debug|Any CPU
		{D34B38C6-23CF-B45B-0DF2-9B1F683F31DB}.Debug|Any CPU.Build.0 = Debug|Any CPU
		{D34B38C6-23CF-B45B-0DF2-9B1F683F31DB}.Release|Any CPU.ActiveCfg = Release|Any CPU
		{D34B38C6-23CF-B45B-0DF2-9B1F683F31DB}.Release|Any CPU.Build.0 = Release|Any CPU
		{AE3B5E9B-6DB5-B90B-73F0-BD097FE57879}.Debug|Any CPU.ActiveCfg = Debug|Any CPU
		{AE3B5E9B-6DB5-B90B-73F0-BD097FE57879}.Debug|Any CPU.Build.0 = Debug|Any CPU
		{AE3B5E9B-6DB5-B90B-73F0-BD097FE57879}.Release|Any CPU.ActiveCfg = Release|Any CPU
		{AE3B5E9B-6DB5-B90B-73F0-BD097FE57879}.Release|Any CPU.Build.0 = Release|Any CPU
		{71F9C117-DB5C-360C-6A16-48AF1EFD2455}.Debug|Any CPU.ActiveCfg = Debug|Any CPU
		{71F9C117-DB5C-360C-6A16-48AF1EFD2455}.Debug|Any CPU.Build.0 = Debug|Any CPU
		{71F9C117-DB5C-360C-6A16-48AF1EFD2455}.Release|Any CPU.ActiveCfg = Release|Any CPU
		{71F9C117-DB5C-360C-6A16-48AF1EFD2455}.Release|Any CPU.Build.0 = Release|Any CPU
		{9CAA063B-9D0A-8E50-5C20-A732CBFC694A}.Debug|Any CPU.ActiveCfg = Debug|Any CPU
		{9CAA063B-9D0A-8E50-5C20-A732CBFC694A}.Debug|Any CPU.Build.0 = Debug|Any CPU
		{9CAA063B-9D0A-8E50-5C20-A732CBFC694A}.Release|Any CPU.ActiveCfg = Release|Any CPU
		{9CAA063B-9D0A-8E50-5C20-A732CBFC694A}.Release|Any CPU.Build.0 = Release|Any CPU
		{7ECDE41B-EC82-EDD1-D252-CCF0C6152B12}.Debug|Any CPU.ActiveCfg = Debug|Any CPU
		{7ECDE41B-EC82-EDD1-D252-CCF0C6152B12}.Debug|Any CPU.Build.0 = Debug|Any CPU
		{7ECDE41B-EC82-EDD1-D252-CCF0C6152B12}.Release|Any CPU.ActiveCfg = Release|Any CPU
		{7ECDE41B-EC82-EDD1-D252-CCF0C6152B12}.Release|Any CPU.Build.0 = Release|Any CPU
		{F01145E1-0003-C775-B18B-E0944371D3EF}.Debug|Any CPU.ActiveCfg = Debug|Any CPU
		{F01145E1-0003-C775-B18B-E0944371D3EF}.Debug|Any CPU.Build.0 = Debug|Any CPU
		{F01145E1-0003-C775-B18B-E0944371D3EF}.Release|Any CPU.ActiveCfg = Release|Any CPU
		{F01145E1-0003-C775-B18B-E0944371D3EF}.Release|Any CPU.Build.0 = Release|Any CPU
		{650CD7B4-BD70-4976-1ED3-2904B7AF52F8}.Debug|Any CPU.ActiveCfg = Debug|Any CPU
		{650CD7B4-BD70-4976-1ED3-2904B7AF52F8}.Debug|Any CPU.Build.0 = Debug|Any CPU
		{650CD7B4-BD70-4976-1ED3-2904B7AF52F8}.Release|Any CPU.ActiveCfg = Release|Any CPU
		{650CD7B4-BD70-4976-1ED3-2904B7AF52F8}.Release|Any CPU.Build.0 = Release|Any CPU
		{991D4C99-80A1-538A-EA79-F6301AA110CF}.Debug|Any CPU.ActiveCfg = Debug|Any CPU
		{991D4C99-80A1-538A-EA79-F6301AA110CF}.Debug|Any CPU.Build.0 = Debug|Any CPU
		{991D4C99-80A1-538A-EA79-F6301AA110CF}.Release|Any CPU.ActiveCfg = Release|Any CPU
		{991D4C99-80A1-538A-EA79-F6301AA110CF}.Release|Any CPU.Build.0 = Release|Any CPU
		{53AD31DE-EC49-9592-6102-643A6901B933}.Debug|Any CPU.ActiveCfg = Debug|Any CPU
		{53AD31DE-EC49-9592-6102-643A6901B933}.Debug|Any CPU.Build.0 = Debug|Any CPU
		{53AD31DE-EC49-9592-6102-643A6901B933}.Release|Any CPU.ActiveCfg = Release|Any CPU
		{53AD31DE-EC49-9592-6102-643A6901B933}.Release|Any CPU.Build.0 = Release|Any CPU
		{C7ECEDE0-5611-45D2-03C9-76C867471DDD}.Debug|Any CPU.ActiveCfg = Debug|Any CPU
		{C7ECEDE0-5611-45D2-03C9-76C867471DDD}.Debug|Any CPU.Build.0 = Debug|Any CPU
		{C7ECEDE0-5611-45D2-03C9-76C867471DDD}.Release|Any CPU.ActiveCfg = Release|Any CPU
		{C7ECEDE0-5611-45D2-03C9-76C867471DDD}.Release|Any CPU.Build.0 = Release|Any CPU
		{4F389199-0399-B11C-B10A-CE424DE921F6}.Debug|Any CPU.ActiveCfg = Debug|Any CPU
		{4F389199-0399-B11C-B10A-CE424DE921F6}.Debug|Any CPU.Build.0 = Debug|Any CPU
		{4F389199-0399-B11C-B10A-CE424DE921F6}.Release|Any CPU.ActiveCfg = Release|Any CPU
		{4F389199-0399-B11C-B10A-CE424DE921F6}.Release|Any CPU.Build.0 = Release|Any CPU
	EndGlobalSection
	GlobalSection(SolutionProperties) = preSolution
		HideSolutionNode = FALSE
	EndGlobalSection
EndGlobal
